
Microsoft Visual Studio Solution File, Format Version 12.00
# Visual Studio Version 17
VisualStudioVersion = 17.14.36109.1 d17.14
MinimumVisualStudioVersion = 10.0.40219.1
Project("{FAE04EC0-301F-11D3-BF4B-00C04F79EFBC}") = "learn1", "learn1.csproj", "{153CC060-AB41-4B57-8750-D9582E5DA880}"
EndProject
Global
	GlobalSection(SolutionConfigurationPlatforms) = preSolution
		Debug|Any CPU = Debug|Any CPU
		Release|Any CPU = Release|Any CPU
	EndGlobalSection
	GlobalSection(ProjectConfigurationPlatforms) = postSolution
		{153CC060-AB41-4B57-8750-D9582E5DA880}.Debug|Any CPU.ActiveCfg = Debug|Any CPU
		{153CC060-AB41-4B57-8750-D9582E5DA880}.Debug|Any CPU.Build.0 = Debug|Any CPU
		{153CC060-AB41-4B57-8750-D9582E5DA880}.Release|Any CPU.ActiveCfg = Release|Any CPU
		{153CC060-AB41-4B57-8750-D9582E5DA880}.Release|Any CPU.Build.0 = Release|Any CPU
	EndGlobalSection
	GlobalSection(SolutionProperties) = preSolution
		HideSolutionNode = FALSE
	EndGlobalSection
	GlobalSection(ExtensibilityGlobals) = postSolution
		SolutionGuid = {7745C37A-E077-41E7-B997-BEA044EF5E14}
	EndGlobalSection
EndGlobal
